
Microsoft Visual Studio Solution File, Format Version 12.00
# Visual Studio Version 17
VisualStudioVersion = 17.9.34723.18
MinimumVisualStudioVersion = 10.0.40219.1
Project("{8BC9CEB8-8B4A-11D0-8D11-00A0C91BC942}") = "vector_1", "vector_1\vector_1.vcxproj", "{B107DEBD-8984-41EE-A088-7EC057AC90B2}"
EndProject
Global
	GlobalSection(SolutionConfigurationPlatforms) = preSolution
		Debug|x64 = Debug|x64
		Debug|x86 = Debug|x86
		Release|x64 = Release|x64
		Release|x86 = Release|x86
	EndGlobalSection
	GlobalSection(ProjectConfigurationPlatforms) = postSolution
		{B107DEBD-8984-41EE-A088-7EC057AC90B2}.Debug|x64.ActiveCfg = Debug|x64
		{B107DEBD-8984-41EE-A088-7EC057AC90B2}.Debug|x64.Build.0 = Debug|x64
		{B107DEBD-8984-41EE-A088-7EC057AC90B2}.Debug|x86.ActiveCfg = Debug|Win32
		{B107DEBD-8984-41EE-A088-7EC057AC90B2}.Debug|x86.Build.0 = Debug|Win32
		{B107DEBD-8984-41EE-A088-7EC057AC90B2}.Release|x64.ActiveCfg = Release|x64
		{B107DEBD-8984-41EE-A088-7EC057AC90B2}.Release|x64.Build.0 = Release|x64
		{B107DEBD-8984-41EE-A088-7EC057AC90B2}.Release|x86.ActiveCfg = Release|Win32
		{B107DEBD-8984-41EE-A088-7EC057AC90B2}.Release|x86.Build.0 = Release|Win32
	EndGlobalSection
	GlobalSection(SolutionProperties) = preSolution
		HideSolutionNode = FALSE
	EndGlobalSection
	GlobalSection(ExtensibilityGlobals) = postSolution
		SolutionGuid = {749B584B-B01F-4F24-8400-C1BE6F33FD6D}
	EndGlobalSection
EndGlobal
